
Microsoft Visual Studio Solution File, Format Version 12.00
# Visual Studio Version 17
VisualStudioVersion = 17.3.32819.101
MinimumVisualStudioVersion = 10.0.40219.1
Project("{FAE04EC0-301F-11D3-BF4B-00C04F79EFBC}") = "Apartments_API", "Apartments_API\Apartments_API.csproj", "{B943481C-8F63-4DDA-8BBB-1301DE706AA3}"
EndProject
Global
	GlobalSection(SolutionConfigurationPlatforms) = preSolution
		Debug|Any CPU = Debug|Any CPU
		Release|Any CPU = Release|Any CPU
	EndGlobalSection
	GlobalSection(ProjectConfigurationPlatforms) = postSolution
		{B943481C-8F63-4DDA-8BBB-1301DE706AA3}.Debug|Any CPU.ActiveCfg = Debug|Any CPU
		{B943481C-8F63-4DDA-8BBB-1301DE706AA3}.Debug|Any CPU.Build.0 = Debug|Any CPU
		{B943481C-8F63-4DDA-8BBB-1301DE706AA3}.Release|Any CPU.ActiveCfg = Release|Any CPU
		{B943481C-8F63-4DDA-8BBB-1301DE706AA3}.Release|Any CPU.Build.0 = Release|Any CPU
	EndGlobalSection
	GlobalSection(SolutionProperties) = preSolution
		HideSolutionNode = FALSE
	EndGlobalSection
	GlobalSection(ExtensibilityGlobals) = postSolution
		SolutionGuid = {3E8B4A66-7A35-4E81-A733-A4A62A7B73ED}
	EndGlobalSection
EndGlobal
